{
  "requires": true,
  "lockfileVersion": 1,
  "dependencies": {
    "jwt-simple": {
      "version": "0.5.6",
      "resolved": "https://packages.atlassian.com/api/npm/npm-remote/jwt-simple/-/jwt-simple-0.5.6.tgz",
      "integrity": "sha1-M1et7FWyZUcRQVe+ZnSJlbdbMzo="
    },
    "socketio-jwt-auth": {
      "version": "0.1.0",
      "resolved": "https://packages.atlassian.com/api/npm/npm-remote/socketio-jwt-auth/-/socketio-jwt-auth-0.1.0.tgz",
      "integrity": "sha1-eHge+ehVaJ08uW4DvUy4L0u+dnE=",
      "requires": {
        "jwt-simple": "^0.5",
        "xtend": "^4.0.0"
      }
    },
    "xtend": {
      "version": "4.0.2",
      "resolved": "https://packages.atlassian.com/api/npm/npm-remote/xtend/-/xtend-4.0.2.tgz",
      "integrity": "sha1-u3J3n1+kZRhrH0OPZ0+jR/2121Q="
    }
  }
}
